
Microsoft Visual Studio Solution File, Format Version 12.00
# Visual Studio Version 16
VisualStudioVersion = 16.0.31205.134
MinimumVisualStudioVersion = 10.0.40219.1
Project("{FAE04EC0-301F-11D3-BF4B-00C04F79EFBC}") = "yoketoruV22", "yoketoruV22\yoketoruV22.csproj", "{C645F2D9-689E-4492-9AF1-68F01B8FF4B7}"
EndProject
Global
	GlobalSection(SolutionConfigurationPlatforms) = preSolution
		Debug|Any CPU = Debug|Any CPU
		Release|Any CPU = Release|Any CPU
	EndGlobalSection
	GlobalSection(ProjectConfigurationPlatforms) = postSolution
		{C645F2D9-689E-4492-9AF1-68F01B8FF4B7}.Debug|Any CPU.ActiveCfg = Debug|Any CPU
		{C645F2D9-689E-4492-9AF1-68F01B8FF4B7}.Debug|Any CPU.Build.0 = Debug|Any CPU
		{C645F2D9-689E-4492-9AF1-68F01B8FF4B7}.Release|Any CPU.ActiveCfg = Release|Any CPU
		{C645F2D9-689E-4492-9AF1-68F01B8FF4B7}.Release|Any CPU.Build.0 = Release|Any CPU
	EndGlobalSection
	GlobalSection(SolutionProperties) = preSolution
		HideSolutionNode = FALSE
	EndGlobalSection
	GlobalSection(ExtensibilityGlobals) = postSolution
		SolutionGuid = {1B160E2A-78C6-43A7-AE9C-3C1D53B1F199}
	EndGlobalSection
EndGlobal
